# THIS IS AN AUTOGENERATED FILE. DO NOT EDIT THIS FILE DIRECTLY.
# yarn lockfile v1


orderedmap@^1.0.0:
  version "1.0.0"
  resolved "https://registry.yarnpkg.com/orderedmap/-/orderedmap-1.0.0.tgz#d90fc2ba1ed085190907d601dec6e6a53f8d41ba"

prosemirror-commands@^1.0.1:
  version "1.0.1"
  resolved "https://registry.yarnpkg.com/prosemirror-commands/-/prosemirror-commands-1.0.1.tgz#95625d91700fb207876ab59d265bf3fcaaec7a2e"
  dependencies:
    prosemirror-model "^1.0.0"
    prosemirror-state "^1.0.0"
    prosemirror-transform "^1.0.0"

prosemirror-keymap@^1.0.0:
  version "1.0.0"
  resolved "https://registry.yarnpkg.com/prosemirror-keymap/-/prosemirror-keymap-1.0.0.tgz#29e9654858c7fd690a41ef7ab6798ca64659e619"
  dependencies:
    prosemirror-state "^1.0.0"
    w3c-keyname "^1.1.0"

prosemirror-model@^1.0.0:
  version "1.0.0"
  resolved "https://registry.yarnpkg.com/prosemirror-model/-/prosemirror-model-1.0.0.tgz#a12168c1eb9e89ed2809e70b74fc87f74eeef14d"
  dependencies:
    orderedmap "^1.0.0"

prosemirror-schema-basic@^1.0.0:
  version "1.0.0"
  resolved "https://registry.yarnpkg.com/prosemirror-schema-basic/-/prosemirror-schema-basic-1.0.0.tgz#240516a52637e1a5b9d6d0bde0708906f2f51397"
  dependencies:
    prosemirror-model "^1.0.0"

prosemirror-state@^1.0.0, prosemirror-state@^1.0.1:
  version "1.0.1"
  resolved "https://registry.yarnpkg.com/prosemirror-state/-/prosemirror-state-1.0.1.tgz#339eed25a9ee81df2891a4fe382cd27e6794b9e0"
  dependencies:
    prosemirror-model "^1.0.0"
    prosemirror-transform "^1.0.0"

prosemirror-transform@^1.0.0:
  version "1.0.0"
  resolved "https://registry.yarnpkg.com/prosemirror-transform/-/prosemirror-transform-1.0.0.tgz#a4dc4dcdd3596043f95c576b4cd1dec6ea3785da"
  dependencies:
    prosemirror-model "^1.0.0"

prosemirror-view@^1.0.0:
  version "1.0.0"
  resolved "https://registry.yarnpkg.com/prosemirror-view/-/prosemirror-view-1.0.0.tgz#0f508c96b2765c407af568fdf5ae879aef3a40c3"
  dependencies:
    prosemirror-model "^1.0.0"
    prosemirror-state "^1.0.0"
    prosemirror-transform "^1.0.0"

w3c-keyname@^1.1.0:
  version "1.1.8"
  resolved "https://registry.yarnpkg.com/w3c-keyname/-/w3c-keyname-1.1.8.tgz#4e2219663760fd6535b7a1550f1552d71fc9372c"
